
Microsoft Visual Studio Solution File, Format Version 12.00
# Visual Studio Version 16
VisualStudioVersion = 16.0.30114.105
MinimumVisualStudioVersion = 10.0.40219.1
Project("{FAE04EC0-301F-11D3-BF4B-00C04F79EFBC}") = "Taxikosten", "Taxikosten.csproj", "{D542D464-06D8-4FE9-B02E-53A43C897D50}"
EndProject
Global
	GlobalSection(SolutionConfigurationPlatforms) = preSolution
		Debug|Any CPU = Debug|Any CPU
		Release|Any CPU = Release|Any CPU
	EndGlobalSection
	GlobalSection(ProjectConfigurationPlatforms) = postSolution
		{D542D464-06D8-4FE9-B02E-53A43C897D50}.Debug|Any CPU.ActiveCfg = Debug|Any CPU
		{D542D464-06D8-4FE9-B02E-53A43C897D50}.Debug|Any CPU.Build.0 = Debug|Any CPU
		{D542D464-06D8-4FE9-B02E-53A43C897D50}.Release|Any CPU.ActiveCfg = Release|Any CPU
		{D542D464-06D8-4FE9-B02E-53A43C897D50}.Release|Any CPU.Build.0 = Release|Any CPU
	EndGlobalSection
	GlobalSection(SolutionProperties) = preSolution
		HideSolutionNode = FALSE
	EndGlobalSection
	GlobalSection(ExtensibilityGlobals) = postSolution
		SolutionGuid = {95E99EA0-BAB3-4664-80EB-92E73668A6E0}
	EndGlobalSection
EndGlobal
